
Microsoft Visual Studio Solution File, Format Version 12.00
# Visual Studio Version 17
VisualStudioVersion = 17.7.34024.191
MinimumVisualStudioVersion = 10.0.40219.1
Project("{FAE04EC0-301F-11D3-BF4B-00C04F79EFBC}") = "UnitTest-Q1", "UnitTest-Q1.csproj", "{B4C23CAA-CFBE-48A2-BFAA-15E17B57D24D}"
EndProject
Global
	GlobalSection(SolutionConfigurationPlatforms) = preSolution
		Debug|Any CPU = Debug|Any CPU
		Release|Any CPU = Release|Any CPU
	EndGlobalSection
	GlobalSection(ProjectConfigurationPlatforms) = postSolution
		{B4C23CAA-CFBE-48A2-BFAA-15E17B57D24D}.Debug|Any CPU.ActiveCfg = Debug|Any CPU
		{B4C23CAA-CFBE-48A2-BFAA-15E17B57D24D}.Debug|Any CPU.Build.0 = Debug|Any CPU
		{B4C23CAA-CFBE-48A2-BFAA-15E17B57D24D}.Release|Any CPU.ActiveCfg = Release|Any CPU
		{B4C23CAA-CFBE-48A2-BFAA-15E17B57D24D}.Release|Any CPU.Build.0 = Release|Any CPU
	EndGlobalSection
	GlobalSection(SolutionProperties) = preSolution
		HideSolutionNode = FALSE
	EndGlobalSection
	GlobalSection(ExtensibilityGlobals) = postSolution
		SolutionGuid = {9168C413-425A-4BB3-959D-50298B1A1D3B}
	EndGlobalSection
EndGlobal
