
Microsoft Visual Studio Solution File, Format Version 12.00
# Visual Studio Version 17
VisualStudioVersion = 17.7.34024.191
MinimumVisualStudioVersion = 10.0.40219.1
Project("{FAE04EC0-301F-11D3-BF4B-00C04F79EFBC}") = "Traffic", "Traffic.csproj", "{DBE0A775-9359-45D9-9FCA-E590476A60E3}"
EndProject
Global
	GlobalSection(SolutionConfigurationPlatforms) = preSolution
		Debug|Any CPU = Debug|Any CPU
		Release|Any CPU = Release|Any CPU
	EndGlobalSection
	GlobalSection(ProjectConfigurationPlatforms) = postSolution
		{DBE0A775-9359-45D9-9FCA-E590476A60E3}.Debug|Any CPU.ActiveCfg = Debug|Any CPU
		{DBE0A775-9359-45D9-9FCA-E590476A60E3}.Debug|Any CPU.Build.0 = Debug|Any CPU
		{DBE0A775-9359-45D9-9FCA-E590476A60E3}.Release|Any CPU.ActiveCfg = Release|Any CPU
		{DBE0A775-9359-45D9-9FCA-E590476A60E3}.Release|Any CPU.Build.0 = Release|Any CPU
	EndGlobalSection
	GlobalSection(SolutionProperties) = preSolution
		HideSolutionNode = FALSE
	EndGlobalSection
	GlobalSection(ExtensibilityGlobals) = postSolution
		SolutionGuid = {8225C28E-9C7E-4FCF-BAA6-21F25BBC850B}
	EndGlobalSection
EndGlobal
