
Microsoft Visual Studio Solution File, Format Version 12.00
# Visual Studio Version 17
VisualStudioVersion = 17.8.34330.188
MinimumVisualStudioVersion = 10.0.40219.1
Project("{FAE04EC0-301F-11D3-BF4B-00C04F79EFBC}") = "Final_Q5", "Final_Q5.csproj", "{E3367FE2-C691-418C-9A03-A3EBDD72187D}"
EndProject
Global
	GlobalSection(SolutionConfigurationPlatforms) = preSolution
		Debug|Any CPU = Debug|Any CPU
		Release|Any CPU = Release|Any CPU
	EndGlobalSection
	GlobalSection(ProjectConfigurationPlatforms) = postSolution
		{E3367FE2-C691-418C-9A03-A3EBDD72187D}.Debug|Any CPU.ActiveCfg = Debug|Any CPU
		{E3367FE2-C691-418C-9A03-A3EBDD72187D}.Debug|Any CPU.Build.0 = Debug|Any CPU
		{E3367FE2-C691-418C-9A03-A3EBDD72187D}.Release|Any CPU.ActiveCfg = Release|Any CPU
		{E3367FE2-C691-418C-9A03-A3EBDD72187D}.Release|Any CPU.Build.0 = Release|Any CPU
	EndGlobalSection
	GlobalSection(SolutionProperties) = preSolution
		HideSolutionNode = FALSE
	EndGlobalSection
	GlobalSection(ExtensibilityGlobals) = postSolution
		SolutionGuid = {DF2B20D3-AE92-4E91-8929-9C6B4348B6B9}
	EndGlobalSection
EndGlobal
