
Microsoft Visual Studio Solution File, Format Version 12.00
# Visual Studio Version 17
VisualStudioVersion = 17.8.34330.188
MinimumVisualStudioVersion = 10.0.40219.1
Project("{FAE04EC0-301F-11D3-BF4B-00C04F79EFBC}") = "Final_Q1", "Final_Q1.csproj", "{96CC5015-3867-4E73-A447-8EF3F88CBEC7}"
EndProject
Global
	GlobalSection(SolutionConfigurationPlatforms) = preSolution
		Debug|Any CPU = Debug|Any CPU
		Release|Any CPU = Release|Any CPU
	EndGlobalSection
	GlobalSection(ProjectConfigurationPlatforms) = postSolution
		{96CC5015-3867-4E73-A447-8EF3F88CBEC7}.Debug|Any CPU.ActiveCfg = Debug|Any CPU
		{96CC5015-3867-4E73-A447-8EF3F88CBEC7}.Debug|Any CPU.Build.0 = Debug|Any CPU
		{96CC5015-3867-4E73-A447-8EF3F88CBEC7}.Release|Any CPU.ActiveCfg = Release|Any CPU
		{96CC5015-3867-4E73-A447-8EF3F88CBEC7}.Release|Any CPU.Build.0 = Release|Any CPU
	EndGlobalSection
	GlobalSection(SolutionProperties) = preSolution
		HideSolutionNode = FALSE
	EndGlobalSection
	GlobalSection(ExtensibilityGlobals) = postSolution
		SolutionGuid = {74449FB2-B85A-4C11-8AE0-EFCB30388032}
	EndGlobalSection
EndGlobal
