
Microsoft Visual Studio Solution File, Format Version 12.00
# Visual Studio Version 17
VisualStudioVersion = 17.7.34024.191
MinimumVisualStudioVersion = 10.0.40219.1
Project("{FAE04EC0-301F-11D3-BF4B-00C04F79EFBC}") = "PE8-Q7", "PE8-Q7.csproj", "{67807596-E557-4B14-90D8-170B7A7BDB3D}"
EndProject
Global
	GlobalSection(SolutionConfigurationPlatforms) = preSolution
		Debug|Any CPU = Debug|Any CPU
		Release|Any CPU = Release|Any CPU
	EndGlobalSection
	GlobalSection(ProjectConfigurationPlatforms) = postSolution
		{67807596-E557-4B14-90D8-170B7A7BDB3D}.Debug|Any CPU.ActiveCfg = Debug|Any CPU
		{67807596-E557-4B14-90D8-170B7A7BDB3D}.Debug|Any CPU.Build.0 = Debug|Any CPU
		{67807596-E557-4B14-90D8-170B7A7BDB3D}.Release|Any CPU.ActiveCfg = Release|Any CPU
		{67807596-E557-4B14-90D8-170B7A7BDB3D}.Release|Any CPU.Build.0 = Release|Any CPU
	EndGlobalSection
	GlobalSection(SolutionProperties) = preSolution
		HideSolutionNode = FALSE
	EndGlobalSection
	GlobalSection(ExtensibilityGlobals) = postSolution
		SolutionGuid = {08842B10-F345-47FE-B3D1-C35561CA368D}
	EndGlobalSection
EndGlobal
