
Microsoft Visual Studio Solution File, Format Version 12.00
# Visual Studio Version 17
VisualStudioVersion = 17.8.34330.188
MinimumVisualStudioVersion = 10.0.40219.1
Project("{FAE04EC0-301F-11D3-BF4B-00C04F79EFBC}") = "Final_Q4", "Final_Q4.csproj", "{CE1F248C-0F4A-4628-AAD0-D66E28AFA797}"
EndProject
Global
	GlobalSection(SolutionConfigurationPlatforms) = preSolution
		Debug|Any CPU = Debug|Any CPU
		Release|Any CPU = Release|Any CPU
	EndGlobalSection
	GlobalSection(ProjectConfigurationPlatforms) = postSolution
		{CE1F248C-0F4A-4628-AAD0-D66E28AFA797}.Debug|Any CPU.ActiveCfg = Debug|Any CPU
		{CE1F248C-0F4A-4628-AAD0-D66E28AFA797}.Debug|Any CPU.Build.0 = Debug|Any CPU
		{CE1F248C-0F4A-4628-AAD0-D66E28AFA797}.Release|Any CPU.ActiveCfg = Release|Any CPU
		{CE1F248C-0F4A-4628-AAD0-D66E28AFA797}.Release|Any CPU.Build.0 = Release|Any CPU
	EndGlobalSection
	GlobalSection(SolutionProperties) = preSolution
		HideSolutionNode = FALSE
	EndGlobalSection
	GlobalSection(ExtensibilityGlobals) = postSolution
		SolutionGuid = {28AC6F4D-20DB-4947-A1F6-73ECB167B76A}
	EndGlobalSection
EndGlobal
