
Microsoft Visual Studio Solution File, Format Version 12.00
# Visual Studio Version 17
VisualStudioVersion = 17.7.34024.191
MinimumVisualStudioVersion = 10.0.40219.1
Project("{FAE04EC0-301F-11D3-BF4B-00C04F79EFBC}") = "PE14-Q3", "PE14-Q3.csproj", "{D317DE7D-2DED-4D83-8717-ADE741566ED8}"
EndProject
Global
	GlobalSection(SolutionConfigurationPlatforms) = preSolution
		Debug|Any CPU = Debug|Any CPU
		Release|Any CPU = Release|Any CPU
	EndGlobalSection
	GlobalSection(ProjectConfigurationPlatforms) = postSolution
		{D317DE7D-2DED-4D83-8717-ADE741566ED8}.Debug|Any CPU.ActiveCfg = Debug|Any CPU
		{D317DE7D-2DED-4D83-8717-ADE741566ED8}.Debug|Any CPU.Build.0 = Debug|Any CPU
		{D317DE7D-2DED-4D83-8717-ADE741566ED8}.Release|Any CPU.ActiveCfg = Release|Any CPU
		{D317DE7D-2DED-4D83-8717-ADE741566ED8}.Release|Any CPU.Build.0 = Release|Any CPU
	EndGlobalSection
	GlobalSection(SolutionProperties) = preSolution
		HideSolutionNode = FALSE
	EndGlobalSection
	GlobalSection(ExtensibilityGlobals) = postSolution
		SolutionGuid = {1A15AF68-4131-4A44-A83F-B731F3309D06}
	EndGlobalSection
EndGlobal
