
Microsoft Visual Studio Solution File, Format Version 12.00
# Visual Studio Version 17
VisualStudioVersion = 17.7.34024.191
MinimumVisualStudioVersion = 10.0.40219.1
Project("{FAE04EC0-301F-11D3-BF4B-00C04F79EFBC}") = "PeopleApp", "PeopleApp.csproj", "{EEAE42C9-5300-48E1-9EF6-600EF6E4A1F0}"
	ProjectSection(ProjectDependencies) = postProject
		{104EA000-74B6-4E16-A6E9-C246616044C9} = {104EA000-74B6-4E16-A6E9-C246616044C9}
		{E31E8854-A46E-4C1C-B047-705CFC90026C} = {E31E8854-A46E-4C1C-B047-705CFC90026C}
	EndProjectSection
EndProject
Project("{FAE04EC0-301F-11D3-BF4B-00C04F79EFBC}") = "PeopleLib", "..\PeopleLib\PeopleLib.csproj", "{104EA000-74B6-4E16-A6E9-C246616044C9}"
EndProject
Project("{FAE04EC0-301F-11D3-BF4B-00C04F79EFBC}") = "CourseLib", "..\CourseLib\CourseLib.csproj", "{E31E8854-A46E-4C1C-B047-705CFC90026C}"
EndProject
Global
	GlobalSection(SolutionConfigurationPlatforms) = preSolution
		Debug|Any CPU = Debug|Any CPU
		Release|Any CPU = Release|Any CPU
	EndGlobalSection
	GlobalSection(ProjectConfigurationPlatforms) = postSolution
		{EEAE42C9-5300-48E1-9EF6-600EF6E4A1F0}.Debug|Any CPU.ActiveCfg = Debug|Any CPU
		{EEAE42C9-5300-48E1-9EF6-600EF6E4A1F0}.Debug|Any CPU.Build.0 = Debug|Any CPU
		{EEAE42C9-5300-48E1-9EF6-600EF6E4A1F0}.Release|Any CPU.ActiveCfg = Release|Any CPU
		{EEAE42C9-5300-48E1-9EF6-600EF6E4A1F0}.Release|Any CPU.Build.0 = Release|Any CPU
		{104EA000-74B6-4E16-A6E9-C246616044C9}.Debug|Any CPU.ActiveCfg = Debug|Any CPU
		{104EA000-74B6-4E16-A6E9-C246616044C9}.Debug|Any CPU.Build.0 = Debug|Any CPU
		{104EA000-74B6-4E16-A6E9-C246616044C9}.Release|Any CPU.ActiveCfg = Release|Any CPU
		{104EA000-74B6-4E16-A6E9-C246616044C9}.Release|Any CPU.Build.0 = Release|Any CPU
		{E31E8854-A46E-4C1C-B047-705CFC90026C}.Debug|Any CPU.ActiveCfg = Debug|Any CPU
		{E31E8854-A46E-4C1C-B047-705CFC90026C}.Debug|Any CPU.Build.0 = Debug|Any CPU
		{E31E8854-A46E-4C1C-B047-705CFC90026C}.Release|Any CPU.ActiveCfg = Release|Any CPU
		{E31E8854-A46E-4C1C-B047-705CFC90026C}.Release|Any CPU.Build.0 = Release|Any CPU
	EndGlobalSection
	GlobalSection(SolutionProperties) = preSolution
		HideSolutionNode = FALSE
	EndGlobalSection
	GlobalSection(ExtensibilityGlobals) = postSolution
		SolutionGuid = {B4113DAF-C97F-499F-BF2C-0222C8023B2A}
	EndGlobalSection
EndGlobal
