
Microsoft Visual Studio Solution File, Format Version 12.00
# Visual Studio Version 17
VisualStudioVersion = 17.8.34330.188
MinimumVisualStudioVersion = 10.0.40219.1
Project("{FAE04EC0-301F-11D3-BF4B-00C04F79EFBC}") = "LaundryApp", "LaundryApp.csproj", "{ABD9CB1B-BD7A-4115-A2AB-66A11644FA1C}"
EndProject
Global
	GlobalSection(SolutionConfigurationPlatforms) = preSolution
		Debug|Any CPU = Debug|Any CPU
		Release|Any CPU = Release|Any CPU
	EndGlobalSection
	GlobalSection(ProjectConfigurationPlatforms) = postSolution
		{ABD9CB1B-BD7A-4115-A2AB-66A11644FA1C}.Debug|Any CPU.ActiveCfg = Debug|Any CPU
		{ABD9CB1B-BD7A-4115-A2AB-66A11644FA1C}.Debug|Any CPU.Build.0 = Debug|Any CPU
		{ABD9CB1B-BD7A-4115-A2AB-66A11644FA1C}.Release|Any CPU.ActiveCfg = Release|Any CPU
		{ABD9CB1B-BD7A-4115-A2AB-66A11644FA1C}.Release|Any CPU.Build.0 = Release|Any CPU
	EndGlobalSection
	GlobalSection(SolutionProperties) = preSolution
		HideSolutionNode = FALSE
	EndGlobalSection
	GlobalSection(ExtensibilityGlobals) = postSolution
		SolutionGuid = {9D6C1085-F2AF-4522-9633-99C50C838F81}
	EndGlobalSection
EndGlobal
